
Microsoft Visual Studio Solution File, Format Version 12.00
# Visual Studio Version 17
VisualStudioVersion = 17.8.34309.116
MinimumVisualStudioVersion = 10.0.40219.1
Project("{FAE04EC0-301F-11D3-BF4B-00C04F79EFBC}") = "Shecan", "Shecan\Shecan.csproj", "{8211D194-B7FF-472C-9FE9-EE810BDDD95A}"
EndProject
Global
	GlobalSection(SolutionConfigurationPlatforms) = preSolution
		Debug|Any CPU = Debug|Any CPU
		Release|Any CPU = Release|Any CPU
	EndGlobalSection
	GlobalSection(ProjectConfigurationPlatforms) = postSolution
		{8211D194-B7FF-472C-9FE9-EE810BDDD95A}.Debug|Any CPU.ActiveCfg = Debug|Any CPU
		{8211D194-B7FF-472C-9FE9-EE810BDDD95A}.Debug|Any CPU.Build.0 = Debug|Any CPU
		{8211D194-B7FF-472C-9FE9-EE810BDDD95A}.Release|Any CPU.ActiveCfg = Release|Any CPU
		{8211D194-B7FF-472C-9FE9-EE810BDDD95A}.Release|Any CPU.Build.0 = Release|Any CPU
	EndGlobalSection
	GlobalSection(SolutionProperties) = preSolution
		HideSolutionNode = FALSE
	EndGlobalSection
	GlobalSection(ExtensibilityGlobals) = postSolution
		SolutionGuid = {244A1833-BFE8-4E4C-B67D-357A8281660E}
	EndGlobalSection
EndGlobal
